// !$*UTF8*$!
{
	archiveVersion = 1;
	classes = {
	};
	objectVersion = 51;
	objects = {

/* Begin PBXBuildFile section */
		1B607A3324A412F800190BC4 /* AppDelegate.swift in Sources */ = {isa = PBXBuildFile; fileRef = 1B607A3224A412F800190BC4 /* AppDelegate.swift */; };
		1B607A3524A412F800190BC4 /* SceneDelegate.swift in Sources */ = {isa = PBXBuildFile; fileRef = 1B607A3424A412F800190BC4 /* SceneDelegate.swift */; };
		1B607A3724A412F800190BC4 /* ViewController.swift in Sources */ = {isa = PBXBuildFile; fileRef = 1B607A3624A412F800190BC4 /* ViewController.swift */; };
		1B607A3A24A412F800190BC4 /* Main.storyboard in Resources */ = {isa = PBXBuildFile; fileRef = 1B607A3824A412F800190BC4 /* Main.storyboard */; };
		1B607A3C24A412F900190BC4 /* Assets.xcassets in Resources */ = {isa = PBXBuildFile; fileRef = 1B607A3B24A412F900190BC4 /* Assets.xcassets */; };
		1B607A3F24A412F900190BC4 /* LaunchScreen.storyboard in Resources */ = {isa = PBXBuildFile; fileRef = 1B607A3D24A412F900190BC4 /* LaunchScreen.storyboard */; };
		1BEEBFC124D948B80021FECC /* ObservableViewController.swift in Sources */ = {isa = PBXBuildFile; fileRef = 1BEEBFBF24D948B80021FECC /* ObservableViewController.swift */; };
		1BEEBFC224D948B80021FECC /* ObservableViewController.xib in Resources */ = {isa = PBXBuildFile; fileRef = 1BEEBFC024D948B80021FECC /* ObservableViewController.xib */; };
		1BEEBFC524DA437A0021FECC /* ObserverViewController.swift in Sources */ = {isa = PBXBuildFile; fileRef = 1BEEBFC324DA437A0021FECC /* ObserverViewController.swift */; };
		1BEEBFC624DA437A0021FECC /* ObserverViewController.xib in Resources */ = {isa = PBXBuildFile; fileRef = 1BEEBFC424DA437A0021FECC /* ObserverViewController.xib */; };
		1BEEBFC924DA4A450021FECC /* SubjectViewController.swift in Sources */ = {isa = PBXBuildFile; fileRef = 1BEEBFC724DA4A450021FECC /* SubjectViewController.swift */; };
		1BEEBFCA24DA4A450021FECC /* SubjectViewController.xib in Resources */ = {isa = PBXBuildFile; fileRef = 1BEEBFC824DA4A450021FECC /* SubjectViewController.xib */; };
		1BEEBFCD24DA56270021FECC /* OperatorViewController.swift in Sources */ = {isa = PBXBuildFile; fileRef = 1BEEBFCB24DA56270021FECC /* OperatorViewController.swift */; };
		1BEEBFCE24DA56270021FECC /* OperatorViewController.xib in Resources */ = {isa = PBXBuildFile; fileRef = 1BEEBFCC24DA56270021FECC /* OperatorViewController.xib */; };
		1BEEBFD124DA59EC0021FECC /* DisposableViewController.swift in Sources */ = {isa = PBXBuildFile; fileRef = 1BEEBFCF24DA59EC0021FECC /* DisposableViewController.swift */; };
		1BEEBFD224DA59EC0021FECC /* DisposableViewController.xib in Resources */ = {isa = PBXBuildFile; fileRef = 1BEEBFD024DA59EC0021FECC /* DisposableViewController.xib */; };
		1BEEBFD524DA711A0021FECC /* SchedulersViewController.swift in Sources */ = {isa = PBXBuildFile; fileRef = 1BEEBFD324DA711A0021FECC /* SchedulersViewController.swift */; };
		1BEEBFD624DA711A0021FECC /* SchedulersViewController.xib in Resources */ = {isa = PBXBuildFile; fileRef = 1BEEBFD424DA711A0021FECC /* SchedulersViewController.xib */; };
		1BEEBFD924DA74920021FECC /* ErrorHandlingViewController.swift in Sources */ = {isa = PBXBuildFile; fileRef = 1BEEBFD724DA74920021FECC /* ErrorHandlingViewController.swift */; };
		1BEEBFDA24DA74920021FECC /* ErrorHandlingViewController.xib in Resources */ = {isa = PBXBuildFile; fileRef = 1BEEBFD824DA74920021FECC /* ErrorHandlingViewController.xib */; };
		1BEEBFDD24DA7A060021FECC /* GithubSignupViewController.swift in Sources */ = {isa = PBXBuildFile; fileRef = 1BEEBFDB24DA7A060021FECC /* GithubSignupViewController.swift */; };
		1BEEBFDE24DA7A060021FECC /* GithubSignupViewController.xib in Resources */ = {isa = PBXBuildFile; fileRef = 1BEEBFDC24DA7A060021FECC /* GithubSignupViewController.xib */; };
		28537D65C71005D95BA231E7 /* Pods_StudyRxSwift.framework in Frameworks */ = {isa = PBXBuildFile; fileRef = 1181C0ABAE1A695F39B52CC5 /* Pods_StudyRxSwift.framework */; };
/* End PBXBuildFile section */

/* Begin PBXFileReference section */
		1181C0ABAE1A695F39B52CC5 /* Pods_StudyRxSwift.framework */ = {isa = PBXFileReference; explicitFileType = wrapper.framework; includeInIndex = 0; path = Pods_StudyRxSwift.framework; sourceTree = BUILT_PRODUCTS_DIR; };
		1B607A2F24A412F800190BC4 /* StudyRxSwift.app */ = {isa = PBXFileReference; explicitFileType = wrapper.application; includeInIndex = 0; path = StudyRxSwift.app; sourceTree = BUILT_PRODUCTS_DIR; };
		1B607A3224A412F800190BC4 /* AppDelegate.swift */ = {isa = PBXFileReference; lastKnownFileType = sourcecode.swift; path = AppDelegate.swift; sourceTree = "<group>"; };
		1B607A3424A412F800190BC4 /* SceneDelegate.swift */ = {isa = PBXFileReference; lastKnownFileType = sourcecode.swift; path = SceneDelegate.swift; sourceTree = "<group>"; };
		1B607A3624A412F800190BC4 /* ViewController.swift */ = {isa = PBXFileReference; lastKnownFileType = sourcecode.swift; path = ViewController.swift; sourceTree = "<group>"; };
		1B607A3924A412F800190BC4 /* Base */ = {isa = PBXFileReference; lastKnownFileType = file.storyboard; name = Base; path = Base.lproj/Main.storyboard; sourceTree = "<group>"; };
		1B607A3B24A412F900190BC4 /* Assets.xcassets */ = {isa = PBXFileReference; lastKnownFileType = folder.assetcatalog; path = Assets.xcassets; sourceTree = "<group>"; };
		1B607A3E24A412F900190BC4 /* Base */ = {isa = PBXFileReference; lastKnownFileType = file.storyboard; name = Base; path = Base.lproj/LaunchScreen.storyboard; sourceTree = "<group>"; };
		1B607A4024A412F900190BC4 /* Info.plist */ = {isa = PBXFileReference; lastKnownFileType = text.plist.xml; path = Info.plist; sourceTree = "<group>"; };
		1BEEBFBF24D948B80021FECC /* ObservableViewController.swift */ = {isa = PBXFileReference; lastKnownFileType = sourcecode.swift; path = ObservableViewController.swift; sourceTree = "<group>"; };
		1BEEBFC024D948B80021FECC /* ObservableViewController.xib */ = {isa = PBXFileReference; lastKnownFileType = file.xib; path = ObservableViewController.xib; sourceTree = "<group>"; };
		1BEEBFC324DA437A0021FECC /* ObserverViewController.swift */ = {isa = PBXFileReference; lastKnownFileType = sourcecode.swift; path = ObserverViewController.swift; sourceTree = "<group>"; };
		1BEEBFC424DA437A0021FECC /* ObserverViewController.xib */ = {isa = PBXFileReference; lastKnownFileType = file.xib; path = ObserverViewController.xib; sourceTree = "<group>"; };
		1BEEBFC724DA4A450021FECC /* SubjectViewController.swift */ = {isa = PBXFileReference; lastKnownFileType = sourcecode.swift; path = SubjectViewController.swift; sourceTree = "<group>"; };
		1BEEBFC824DA4A450021FECC /* SubjectViewController.xib */ = {isa = PBXFileReference; lastKnownFileType = file.xib; path = SubjectViewController.xib; sourceTree = "<group>"; };
		1BEEBFCB24DA56270021FECC /* OperatorViewController.swift */ = {isa = PBXFileReference; lastKnownFileType = sourcecode.swift; path = OperatorViewController.swift; sourceTree = "<group>"; };
		1BEEBFCC24DA56270021FECC /* OperatorViewController.xib */ = {isa = PBXFileReference; lastKnownFileType = file.xib; path = OperatorViewController.xib; sourceTree = "<group>"; };
		1BEEBFCF24DA59EC0021FECC /* DisposableViewController.swift */ = {isa = PBXFileReference; lastKnownFileType = sourcecode.swift; path = DisposableViewController.swift; sourceTree = "<group>"; };
		1BEEBFD024DA59EC0021FECC /* DisposableViewController.xib */ = {isa = PBXFileReference; lastKnownFileType = file.xib; path = DisposableViewController.xib; sourceTree = "<group>"; };
		1BEEBFD324DA711A0021FECC /* SchedulersViewController.swift */ = {isa = PBXFileReference; lastKnownFileType = sourcecode.swift; path = SchedulersViewController.swift; sourceTree = "<group>"; };
		1BEEBFD424DA711A0021FECC /* SchedulersViewController.xib */ = {isa = PBXFileReference; lastKnownFileType = file.xib; path = SchedulersViewController.xib; sourceTree = "<group>"; };
		1BEEBFD724DA74920021FECC /* ErrorHandlingViewController.swift */ = {isa = PBXFileReference; lastKnownFileType = sourcecode.swift; path = ErrorHandlingViewController.swift; sourceTree = "<group>"; };
		1BEEBFD824DA74920021FECC /* ErrorHandlingViewController.xib */ = {isa = PBXFileReference; lastKnownFileType = file.xib; path = ErrorHandlingViewController.xib; sourceTree = "<group>"; };
		1BEEBFDB24DA7A060021FECC /* GithubSignupViewController.swift */ = {isa = PBXFileReference; lastKnownFileType = sourcecode.swift; path = GithubSignupViewController.swift; sourceTree = "<group>"; };
		1BEEBFDC24DA7A060021FECC /* GithubSignupViewController.xib */ = {isa = PBXFileReference; lastKnownFileType = file.xib; path = GithubSignupViewController.xib; sourceTree = "<group>"; };
		6B9553BD36F9399E34E7B723 /* Pods-StudyRxSwift.release.xcconfig */ = {isa = PBXFileReference; includeInIndex = 1; lastKnownFileType = text.xcconfig; name = "Pods-StudyRxSwift.release.xcconfig"; path = "Target Support Files/Pods-StudyRxSwift/Pods-StudyRxSwift.release.xcconfig"; sourceTree = "<group>"; };
		F580CE5D13C299F5450BEDCE /* Pods-StudyRxSwift.debug.xcconfig */ = {isa = PBXFileReference; includeInIndex = 1; lastKnownFileType = text.xcconfig; name = "Pods-StudyRxSwift.debug.xcconfig"; path = "Target Support Files/Pods-StudyRxSwift/Pods-StudyRxSwift.debug.xcconfig"; sourceTree = "<group>"; };
/* End PBXFileReference section */

/* Begin PBXFrameworksBuildPhase section */
		1B607A2C24A412F800190BC4 /* Frameworks */ = {
			isa = PBXFrameworksBuildPhase;
			buildActionMask = 2147483647;
			files = (
				28537D65C71005D95BA231E7 /* Pods_StudyRxSwift.framework in Frameworks */,
			);
			runOnlyForDeploymentPostprocessing = 0;
		};
/* End PBXFrameworksBuildPhase section */

/* Begin PBXGroup section */
		1B607A2624A412F800190BC4 = {
			isa = PBXGroup;
			children = (
				1B607A3124A412F800190BC4 /* StudyRxSwift */,
				1B607A3024A412F800190BC4 /* Products */,
				7BFA0EDDE4C7159742528045 /* Pods */,
				DEBF2F354E5FC711F22F348B /* Frameworks */,
			);
			sourceTree = "<group>";
		};
		1B607A3024A412F800190BC4 /* Products */ = {
			isa = PBXGroup;
			children = (
				1B607A2F24A412F800190BC4 /* StudyRxSwift.app */,
			);
			name = Products;
			sourceTree = "<group>";
		};
		1B607A3124A412F800190BC4 /* StudyRxSwift */ = {
			isa = PBXGroup;
			children = (
				1B607A3224A412F800190BC4 /* AppDelegate.swift */,
				1B607A3424A412F800190BC4 /* SceneDelegate.swift */,
				1B607A3624A412F800190BC4 /* ViewController.swift */,
				1BEEBFBF24D948B80021FECC /* ObservableViewController.swift */,
				1BEEBFC024D948B80021FECC /* ObservableViewController.xib */,
				1BEEBFC324DA437A0021FECC /* ObserverViewController.swift */,
				1BEEBFC424DA437A0021FECC /* ObserverViewController.xib */,
				1BEEBFC724DA4A450021FECC /* SubjectViewController.swift */,
				1BEEBFC824DA4A450021FECC /* SubjectViewController.xib */,
				1BEEBFCB24DA56270021FECC /* OperatorViewController.swift */,
				1BEEBFCC24DA56270021FECC /* OperatorViewController.xib */,
				1BEEBFCF24DA59EC0021FECC /* DisposableViewController.swift */,
				1BEEBFD024DA59EC0021FECC /* DisposableViewController.xib */,
				1BEEBFD324DA711A0021FECC /* SchedulersViewController.swift */,
				1BEEBFD424DA711A0021FECC /* SchedulersViewController.xib */,
				1BEEBFD724DA74920021FECC /* ErrorHandlingViewController.swift */,
				1BEEBFD824DA74920021FECC /* ErrorHandlingViewController.xib */,
				1BEEBFDB24DA7A060021FECC /* GithubSignupViewController.swift */,
				1BEEBFDC24DA7A060021FECC /* GithubSignupViewController.xib */,
				1B607A3824A412F800190BC4 /* Main.storyboard */,
				1B607A3B24A412F900190BC4 /* Assets.xcassets */,
				1B607A3D24A412F900190BC4 /* LaunchScreen.storyboard */,
				1B607A4024A412F900190BC4 /* Info.plist */,
			);
			path = StudyRxSwift;
			sourceTree = "<group>";
		};
		7BFA0EDDE4C7159742528045 /* Pods */ = {
			isa = PBXGroup;
			children = (
				F580CE5D13C299F5450BEDCE /* Pods-StudyRxSwift.debug.xcconfig */,
				6B9553BD36F9399E34E7B723 /* Pods-StudyRxSwift.release.xcconfig */,
			);
			path = Pods;
			sourceTree = "<group>";
		};
		DEBF2F354E5FC711F22F348B /* Frameworks */ = {
			isa = PBXGroup;
			children = (
				1181C0ABAE1A695F39B52CC5 /* Pods_StudyRxSwift.framework */,
			);
			name = Frameworks;
			sourceTree = "<group>";
		};
/* End PBXGroup section */

/* Begin PBXNativeTarget section */
		1B607A2E24A412F800190BC4 /* StudyRxSwift */ = {
			isa = PBXNativeTarget;
			buildConfigurationList = 1B607A4324A412F900190BC4 /* Build configuration list for PBXNativeTarget "StudyRxSwift" */;
			buildPhases = (
				B4F18B5BA22963F989599339 /* [CP] Check Pods Manifest.lock */,
				1B607A2B24A412F800190BC4 /* Sources */,
				1B607A2C24A412F800190BC4 /* Frameworks */,
				1B607A2D24A412F800190BC4 /* Resources */,
				5B1C641AF148F7CA2B059B0E /* [CP] Embed Pods Frameworks */,
			);
			buildRules = (
			);
			dependencies = (
			);
			name = StudyRxSwift;
			productName = StudyRxSwift;
			productReference = 1B607A2F24A412F800190BC4 /* StudyRxSwift.app */;
			productType = "com.apple.product-type.application";
		};
/* End PBXNativeTarget section */

/* Begin PBXProject section */
		1B607A2724A412F800190BC4 /* Project object */ = {
			isa = PBXProject;
			attributes = {
				LastSwiftUpdateCheck = 1150;
				LastUpgradeCheck = 1150;
				ORGANIZATIONNAME = zto;
				TargetAttributes = {
					1B607A2E24A412F800190BC4 = {
						CreatedOnToolsVersion = 11.5;
					};
				};
			};
			buildConfigurationList = 1B607A2A24A412F800190BC4 /* Build configuration list for PBXProject "StudyRxSwift" */;
			compatibilityVersion = "Xcode 9.3";
			developmentRegion = en;
			hasScannedForEncodings = 0;
			knownRegions = (
				en,
				Base,
			);
			mainGroup = 1B607A2624A412F800190BC4;
			productRefGroup = 1B607A3024A412F800190BC4 /* Products */;
			projectDirPath = "";
			projectRoot = "";
			targets = (
				1B607A2E24A412F800190BC4 /* StudyRxSwift */,
			);
		};
/* End PBXProject section */

/* Begin PBXResourcesBuildPhase section */
		1B607A2D24A412F800190BC4 /* Resources */ = {
			isa = PBXResourcesBuildPhase;
			buildActionMask = 2147483647;
			files = (
				1BEEBFDA24DA74920021FECC /* ErrorHandlingViewController.xib in Resources */,
				1BEEBFCE24DA56270021FECC /* OperatorViewController.xib in Resources */,
				1B607A3F24A412F900190BC4 /* LaunchScreen.storyboard in Resources */,
				1BEEBFD224DA59EC0021FECC /* DisposableViewController.xib in Resources */,
				1BEEBFC224D948B80021FECC /* ObservableViewController.xib in Resources */,
				1BEEBFDE24DA7A060021FECC /* GithubSignupViewController.xib in Resources */,
				1BEEBFC624DA437A0021FECC /* ObserverViewController.xib in Resources */,
				1BEEBFD624DA711A0021FECC /* SchedulersViewController.xib in Resources */,
				1BEEBFCA24DA4A450021FECC /* SubjectViewController.xib in Resources */,
				1B607A3C24A412F900190BC4 /* Assets.xcassets in Resources */,
				1B607A3A24A412F800190BC4 /* Main.storyboard in Resources */,
			);
			runOnlyForDeploymentPostprocessing = 0;
		};
/* End PBXResourcesBuildPhase section */

/* Begin PBXShellScriptBuildPhase section */
		5B1C641AF148F7CA2B059B0E /* [CP] Embed Pods Frameworks */ = {
			isa = PBXShellScriptBuildPhase;
			buildActionMask = 2147483647;
			files = (
			);
			inputFileListPaths = (
				"${PODS_ROOT}/Target Support Files/Pods-StudyRxSwift/Pods-StudyRxSwift-frameworks-${CONFIGURATION}-input-files.xcfilelist",
			);
			name = "[CP] Embed Pods Frameworks";
			outputFileListPaths = (
				"${PODS_ROOT}/Target Support Files/Pods-StudyRxSwift/Pods-StudyRxSwift-frameworks-${CONFIGURATION}-output-files.xcfilelist",
			);
			runOnlyForDeploymentPostprocessing = 0;
			shellPath = /bin/sh;
			shellScript = "\"${PODS_ROOT}/Target Support Files/Pods-StudyRxSwift/Pods-StudyRxSwift-frameworks.sh\"\n";
			showEnvVarsInLog = 0;
		};
		B4F18B5BA22963F989599339 /* [CP] Check Pods Manifest.lock */ = {
			isa = PBXShellScriptBuildPhase;
			buildActionMask = 2147483647;
			files = (
			);
			inputFileListPaths = (
			);
			inputPaths = (
				"${PODS_PODFILE_DIR_PATH}/Podfile.lock",
				"${PODS_ROOT}/Manifest.lock",
			);
			name = "[CP] Check Pods Manifest.lock";
			outputFileListPaths = (
			);
			outputPaths = (
				"$(DERIVED_FILE_DIR)/Pods-StudyRxSwift-checkManifestLockResult.txt",
			);
			runOnlyForDeploymentPostprocessing = 0;
			shellPath = /bin/sh;
			shellScript = "diff \"${PODS_PODFILE_DIR_PATH}/Podfile.lock\" \"${PODS_ROOT}/Manifest.lock\" > /dev/null\nif [ $? != 0 ] ; then\n    # print error to STDERR\n    echo \"error: The sandbox is not in sync with the Podfile.lock. Run 'pod install' or update your CocoaPods installation.\" >&2\n    exit 1\nfi\n# This output is used by Xcode 'outputs' to avoid re-running this script phase.\necho \"SUCCESS\" > \"${SCRIPT_OUTPUT_FILE_0}\"\n";
			showEnvVarsInLog = 0;
		};
/* End PBXShellScriptBuildPhase section */

/* Begin PBXSourcesBuildPhase section */
		1B607A2B24A412F800190BC4 /* Sources */ = {
			isa = PBXSourcesBuildPhase;
			buildActionMask = 2147483647;
			files = (
				1B607A3724A412F800190BC4 /* ViewController.swift in Sources */,
				1BEEBFDD24DA7A060021FECC /* GithubSignupViewController.swift in Sources */,
				1BEEBFC924DA4A450021FECC /* SubjectViewController.swift in Sources */,
				1BEEBFC524DA437A0021FECC /* ObserverViewController.swift in Sources */,
				1BEEBFC124D948B80021FECC /* ObservableViewController.swift in Sources */,
				1BEEBFD924DA74920021FECC /* ErrorHandlingViewController.swift in Sources */,
				1BEEBFD524DA711A0021FECC /* SchedulersViewController.swift in Sources */,
				1BEEBFCD24DA56270021FECC /* OperatorViewController.swift in Sources */,
				1B607A3324A412F800190BC4 /* AppDelegate.swift in Sources */,
				1BEEBFD124DA59EC0021FECC /* DisposableViewController.swift in Sources */,
				1B607A3524A412F800190BC4 /* SceneDelegate.swift in Sources */,
			);
			runOnlyForDeploymentPostprocessing = 0;
		};
/* End PBXSourcesBuildPhase section */

/* Begin PBXVariantGroup section */
		1B607A3824A412F800190BC4 /* Main.storyboard */ = {
			isa = PBXVariantGroup;
			children = (
				1B607A3924A412F800190BC4 /* Base */,
			);
			name = Main.storyboard;
			sourceTree = "<group>";
		};
		1B607A3D24A412F900190BC4 /* LaunchScreen.storyboard */ = {
			isa = PBXVariantGroup;
			children = (
				1B607A3E24A412F900190BC4 /* Base */,
			);
			name = LaunchScreen.storyboard;
			sourceTree = "<group>";
		};
/* End PBXVariantGroup section */

/* Begin XCBuildConfiguration section */
		1B607A4124A412F900190BC4 /* Debug */ = {
			isa = XCBuildConfiguration;
			buildSettings = {
				ALWAYS_SEARCH_USER_PATHS = NO;
				CLANG_ANALYZER_NONNULL = YES;
				CLANG_ANALYZER_NUMBER_OBJECT_CONVERSION = YES_AGGRESSIVE;
				CLANG_CXX_LANGUAGE_STANDARD = "gnu++14";
				CLANG_CXX_LIBRARY = "libc++";
				CLANG_ENABLE_MODULES = YES;
				CLANG_ENABLE_OBJC_ARC = YES;
				CLANG_ENABLE_OBJC_WEAK = YES;
				CLANG_WARN_BLOCK_CAPTURE_AUTORELEASING = YES;
				CLANG_WARN_BOOL_CONVERSION = YES;
				CLANG_WARN_COMMA = YES;
				CLANG_WARN_CONSTANT_CONVERSION = YES;
				CLANG_WARN_DEPRECATED_OBJC_IMPLEMENTATIONS = YES;
				CLANG_WARN_DIRECT_OBJC_ISA_USAGE = YES_ERROR;
				CLANG_WARN_DOCUMENTATION_COMMENTS = YES;
				CLANG_WARN_EMPTY_BODY = YES;
				CLANG_WARN_ENUM_CONVERSION = YES;
				CLANG_WARN_INFINITE_RECURSION = YES;
				CLANG_WARN_INT_CONVERSION = YES;
				CLANG_WARN_NON_LITERAL_NULL_CONVERSION = YES;
				CLANG_WARN_OBJC_IMPLICIT_RETAIN_SELF = YES;
				CLANG_WARN_OBJC_LITERAL_CONVERSION = YES;
				CLANG_WARN_OBJC_ROOT_CLASS = YES_ERROR;
				CLANG_WARN_RANGE_LOOP_ANALYSIS = YES;
				CLANG_WARN_STRICT_PROTOTYPES = YES;
				CLANG_WARN_SUSPICIOUS_MOVE = YES;
				CLANG_WARN_UNGUARDED_AVAILABILITY = YES_AGGRESSIVE;
				CLANG_WARN_UNREACHABLE_CODE = YES;
				CLANG_WARN__DUPLICATE_METHOD_MATCH = YES;
				COPY_PHASE_STRIP = NO;
				DEBUG_INFORMATION_FORMAT = dwarf;
				ENABLE_STRICT_OBJC_MSGSEND = YES;
				ENABLE_TESTABILITY = YES;
				GCC_C_LANGUAGE_STANDARD = gnu11;
				GCC_DYNAMIC_NO_PIC = NO;
				GCC_NO_COMMON_BLOCKS = YES;
				GCC_OPTIMIZATION_LEVEL = 0;
				GCC_PREPROCESSOR_DEFINITIONS = (
					"DEBUG=1",
					"$(inherited)",
				);
				GCC_WARN_64_TO_32_BIT_CONVERSION = YES;
				GCC_WARN_ABOUT_RETURN_TYPE = YES_ERROR;
				GCC_WARN_UNDECLARED_SELECTOR = YES;
				GCC_WARN_UNINITIALIZED_AUTOS = YES_AGGRESSIVE;
				GCC_WARN_UNUSED_FUNCTION = YES;
				GCC_WARN_UNUSED_VARIABLE = YES;
				IPHONEOS_DEPLOYMENT_TARGET = 13.5;
				MTL_ENABLE_DEBUG_INFO = INCLUDE_SOURCE;
				MTL_FAST_MATH = YES;
				ONLY_ACTIVE_ARCH = YES;
				SDKROOT = iphoneos;
				SWIFT_ACTIVE_COMPILATION_CONDITIONS = DEBUG;
				SWIFT_OPTIMIZATION_LEVEL = "-Onone";
			};
			name = Debug;
		};
		1B607A4224A412F900190BC4 /* Release */ = {
			isa = XCBuildConfiguration;
			buildSettings = {
				ALWAYS_SEARCH_USER_PATHS = NO;
				CLANG_ANALYZER_NONNULL = YES;
				CLANG_ANALYZER_NUMBER_OBJECT_CONVERSION = YES_AGGRESSIVE;
				CLANG_CXX_LANGUAGE_STANDARD = "gnu++14";
				CLANG_CXX_LIBRARY = "libc++";
				CLANG_ENABLE_MODULES = YES;
				CLANG_ENABLE_OBJC_ARC = YES;
				CLANG_ENABLE_OBJC_WEAK = YES;
				CLANG_WARN_BLOCK_CAPTURE_AUTORELEASING = YES;
				CLANG_WARN_BOOL_CONVERSION = YES;
				CLANG_WARN_COMMA = YES;
				CLANG_WARN_CONSTANT_CONVERSION = YES;
				CLANG_WARN_DEPRECATED_OBJC_IMPLEMENTATIONS = YES;
				CLANG_WARN_DIRECT_OBJC_ISA_USAGE = YES_ERROR;
				CLANG_WARN_DOCUMENTATION_COMMENTS = YES;
				CLANG_WARN_EMPTY_BODY = YES;
				CLANG_WARN_ENUM_CONVERSION = YES;
				CLANG_WARN_INFINITE_RECURSION = YES;
				CLANG_WARN_INT_CONVERSION = YES;
				CLANG_WARN_NON_LITERAL_NULL_CONVERSION = YES;
				CLANG_WARN_OBJC_IMPLICIT_RETAIN_SELF = YES;
				CLANG_WARN_OBJC_LITERAL_CONVERSION = YES;
				CLANG_WARN_OBJC_ROOT_CLASS = YES_ERROR;
				CLANG_WARN_RANGE_LOOP_ANALYSIS = YES;
				CLANG_WARN_STRICT_PROTOTYPES = YES;
				CLANG_WARN_SUSPICIOUS_MOVE = YES;
				CLANG_WARN_UNGUARDED_AVAILABILITY = YES_AGGRESSIVE;
				CLANG_WARN_UNREACHABLE_CODE = YES;
				CLANG_WARN__DUPLICATE_METHOD_MATCH = YES;
				COPY_PHASE_STRIP = NO;
				DEBUG_INFORMATION_FORMAT = "dwarf-with-dsym";
				ENABLE_NS_ASSERTIONS = NO;
				ENABLE_STRICT_OBJC_MSGSEND = YES;
				GCC_C_LANGUAGE_STANDARD = gnu11;
				GCC_NO_COMMON_BLOCKS = YES;
				GCC_WARN_64_TO_32_BIT_CONVERSION = YES;
				GCC_WARN_ABOUT_RETURN_TYPE = YES_ERROR;
				GCC_WARN_UNDECLARED_SELECTOR = YES;
				GCC_WARN_UNINITIALIZED_AUTOS = YES_AGGRESSIVE;
				GCC_WARN_UNUSED_FUNCTION = YES;
				GCC_WARN_UNUSED_VARIABLE = YES;
				IPHONEOS_DEPLOYMENT_TARGET = 13.5;
				MTL_ENABLE_DEBUG_INFO = NO;
				MTL_FAST_MATH = YES;
				SDKROOT = iphoneos;
				SWIFT_COMPILATION_MODE = wholemodule;
				SWIFT_OPTIMIZATION_LEVEL = "-O";
				VALIDATE_PRODUCT = YES;
			};
			name = Release;
		};
		1B607A4424A412F900190BC4 /* Debug */ = {
			isa = XCBuildConfiguration;
			baseConfigurationReference = F580CE5D13C299F5450BEDCE /* Pods-StudyRxSwift.debug.xcconfig */;
			buildSettings = {
				ASSETCATALOG_COMPILER_APPICON_NAME = AppIcon;
				CODE_SIGN_STYLE = Automatic;
				DEVELOPMENT_TEAM = 89D9H2QAX2;
				INFOPLIST_FILE = StudyRxSwift/Info.plist;
				LD_RUNPATH_SEARCH_PATHS = (
					"$(inherited)",
					"@executable_path/Frameworks",
				);
				PRODUCT_BUNDLE_IDENTIFIER = com.zto.StudyRxSwift;
				PRODUCT_NAME = "$(TARGET_NAME)";
				SWIFT_VERSION = 5.0;
				TARGETED_DEVICE_FAMILY = "1,2";
			};
			name = Debug;
		};
		1B607A4524A412F900190BC4 /* Release */ = {
			isa = XCBuildConfiguration;
			baseConfigurationReference = 6B9553BD36F9399E34E7B723 /* Pods-StudyRxSwift.release.xcconfig */;
			buildSettings = {
				ASSETCATALOG_COMPILER_APPICON_NAME = AppIcon;
				CODE_SIGN_STYLE = Automatic;
				DEVELOPMENT_TEAM = 89D9H2QAX2;
				INFOPLIST_FILE = StudyRxSwift/Info.plist;
				LD_RUNPATH_SEARCH_PATHS = (
					"$(inherited)",
					"@executable_path/Frameworks",
				);
				PRODUCT_BUNDLE_IDENTIFIER = com.zto.StudyRxSwift;
				PRODUCT_NAME = "$(TARGET_NAME)";
				SWIFT_VERSION = 5.0;
				TARGETED_DEVICE_FAMILY = "1,2";
			};
			name = Release;
		};
/* End XCBuildConfiguration section */

/* Begin XCConfigurationList section */
		1B607A2A24A412F800190BC4 /* Build configuration list for PBXProject "StudyRxSwift" */ = {
			isa = XCConfigurationList;
			buildConfigurations = (
				1B607A4124A412F900190BC4 /* Debug */,
				1B607A4224A412F900190BC4 /* Release */,
			);
			defaultConfigurationIsVisible = 0;
			defaultConfigurationName = Release;
		};
		1B607A4324A412F900190BC4 /* Build configuration list for PBXNativeTarget "StudyRxSwift" */ = {
			isa = XCConfigurationList;
			buildConfigurations = (
				1B607A4424A412F900190BC4 /* Debug */,
				1B607A4524A412F900190BC4 /* Release */,
			);
			defaultConfigurationIsVisible = 0;
			defaultConfigurationName = Release;
		};
/* End XCConfigurationList section */
	};
	rootObject = 1B607A2724A412F800190BC4 /* Project object */;
}
